
Microsoft Visual Studio Solution File, Format Version 12.00
# Visual Studio 15
VisualStudioVersion = 15.0.26730.16
MinimumVisualStudioVersion = 10.0.40219.1
Project("{9A19103F-16F7-4668-BE54-9A1E7A4F7556}") = "BrightCandles", "ClassLibrary1\BrightCandles.csproj", "{9CB175FC-6E95-445F-89CC-81A952D3733D}"
EndProject
Project("{9A19103F-16F7-4668-BE54-9A1E7A4F7556}") = "DAL", "ClassLibrary2\DAL.csproj", "{D7317A4E-3206-4931-9BC2-F7596CB5BD47}"
EndProject
Project("{FAE04EC0-301F-11D3-BF4B-00C04F79EFBC}") = "WebApplication1", "WebApplication1\WebApplication1.csproj", "{CED85645-0955-4FD4-B9E8-45184A50718F}"
EndProject
Global
	GlobalSection(SolutionConfigurationPlatforms) = preSolution
		Debug|Any CPU = Debug|Any CPU
		Release|Any CPU = Release|Any CPU
	EndGlobalSection
	GlobalSection(ProjectConfigurationPlatforms) = postSolution
		{9CB175FC-6E95-445F-89CC-81A952D3733D}.Debug|Any CPU.ActiveCfg = Debug|Any CPU
		{9CB175FC-6E95-445F-89CC-81A952D3733D}.Debug|Any CPU.Build.0 = Debug|Any CPU
		{9CB175FC-6E95-445F-89CC-81A952D3733D}.Release|Any CPU.ActiveCfg = Release|Any CPU
		{9CB175FC-6E95-445F-89CC-81A952D3733D}.Release|Any CPU.Build.0 = Release|Any CPU
		{D7317A4E-3206-4931-9BC2-F7596CB5BD47}.Debug|Any CPU.ActiveCfg = Debug|Any CPU
		{D7317A4E-3206-4931-9BC2-F7596CB5BD47}.Debug|Any CPU.Build.0 = Debug|Any CPU
		{D7317A4E-3206-4931-9BC2-F7596CB5BD47}.Release|Any CPU.ActiveCfg = Release|Any CPU
		{D7317A4E-3206-4931-9BC2-F7596CB5BD47}.Release|Any CPU.Build.0 = Release|Any CPU
		{CED85645-0955-4FD4-B9E8-45184A50718F}.Debug|Any CPU.ActiveCfg = Debug|Any CPU
		{CED85645-0955-4FD4-B9E8-45184A50718F}.Debug|Any CPU.Build.0 = Debug|Any CPU
		{CED85645-0955-4FD4-B9E8-45184A50718F}.Release|Any CPU.ActiveCfg = Release|Any CPU
		{CED85645-0955-4FD4-B9E8-45184A50718F}.Release|Any CPU.Build.0 = Release|Any CPU
	EndGlobalSection
	GlobalSection(SolutionProperties) = preSolution
		HideSolutionNode = FALSE
	EndGlobalSection
	GlobalSection(ExtensibilityGlobals) = postSolution
		SolutionGuid = {CB7A0B06-5B1E-4EED-8BE4-83A54FAAE695}
	EndGlobalSection
EndGlobal
